Microsoft Visual Studio Solution File, Format Version 12.00
# Visual Studio Version 17
VisualStudioVersion = 17.0.31903.59
MinimumVisualStudioVersion = 10.0.40219.1
Project("{FAE04EC0-301F-11D3-BF4B-00C04F79EFBC}") = "Buzzer.React.Backend", "Buzzer.React.Backend\Buzzer.React.Backend.csproj", "{0F2AB774-DB5A-454A-8015-E7AB14E44D71}"
EndProject
Project("{54A90642-561A-4BB1-A94E-469ADEE60C69}") = "buzzer-React-frontend", "buzzer-react-frontend\buzzer-React-frontend.esproj", "{0CCAFAE1-5221-4680-A464-4D05EE770B1B}"
EndProject
Global
	GlobalSection(SolutionConfigurationPlatforms) = preSolution
		Debug|Any CPU = Debug|Any CPU
		Release|Any CPU = Release|Any CPU
	EndGlobalSection
	GlobalSection(SolutionProperties) = preSolution
		HideSolutionNode = FALSE
	EndGlobalSection
	GlobalSection(ProjectConfigurationPlatforms) = postSolution
		{0F2AB774-DB5A-454A-8015-E7AB14E44D71}.Debug|Any CPU.ActiveCfg = Debug|Any CPU
		{0F2AB774-DB5A-454A-8015-E7AB14E44D71}.Debug|Any CPU.Build.0 = Debug|Any CPU
		{0F2AB774-DB5A-454A-8015-E7AB14E44D71}.Release|Any CPU.ActiveCfg = Release|Any CPU
		{0F2AB774-DB5A-454A-8015-E7AB14E44D71}.Release|Any CPU.Build.0 = Release|Any CPU
		{0CCAFAE1-5221-4680-A464-4D05EE770B1B}.Debug|Any CPU.ActiveCfg = Debug|Any CPU
		{0CCAFAE1-5221-4680-A464-4D05EE770B1B}.Debug|Any CPU.Build.0 = Debug|Any CPU
		{0CCAFAE1-5221-4680-A464-4D05EE770B1B}.Release|Any CPU.ActiveCfg = Debug|Any CPU
		{0CCAFAE1-5221-4680-A464-4D05EE770B1B}.Release|Any CPU.Build.0 = Debug|Any CPU
	EndGlobalSection
EndGlobal
